// !$*UTF8*$!
{
	archiveVersion = 1;
	classes = {
	};
	objectVersion = 47;
	objects = {

/* Begin PBXBuildFile section */
		246C8BA81C6BFFE900A899B5 /* LearnMoreTableViewContoller.swift in Sources */ = {isa = PBXBuildFile; fileRef = 246C8BA71C6BFFE900A899B5 /* LearnMoreTableViewContoller.swift */; };
		54306E121CB18C40008D9F8E /* LearnMoreInfo.swift in Sources */ = {isa = PBXBuildFile; fileRef = 54306E111CB18C40008D9F8E /* LearnMoreInfo.swift */; };
		54306E141CB1B31A008D9F8E /* LearnMoreTableViewCell.swift in Sources */ = {isa = PBXBuildFile; fileRef = 54306E131CB1B31A008D9F8E /* LearnMoreTableViewCell.swift */; };
		544AD3A31C70F8FA004FAD76 /* LessonTableViewCell.swift in Sources */ = {isa = PBXBuildFile; fileRef = 544AD3A21C70F8FA004FAD76 /* LessonTableViewCell.swift */; };
		544AD3A51C70F90D004FAD76 /* PatientTableViewController.swift in Sources */ = {isa = PBXBuildFile; fileRef = 544AD3A41C70F90D004FAD76 /* PatientTableViewController.swift */; };
		544AD3A71C70F926004FAD76 /* LessonViewController.swift in Sources */ = {isa = PBXBuildFile; fileRef = 544AD3A61C70F926004FAD76 /* LessonViewController.swift */; };
		544AD3AB1C70F970004FAD76 /* Exercise.swift in Sources */ = {isa = PBXBuildFile; fileRef = 544AD3AA1C70F970004FAD76 /* Exercise.swift */; };
		544AD3AD1C70F9AF004FAD76 /* Week.swift in Sources */ = {isa = PBXBuildFile; fileRef = 544AD3AC1C70F9AF004FAD76 /* Week.swift */; };
		544AD3AF1C70FF9D004FAD76 /* LessonCreator.swift in Sources */ = {isa = PBXBuildFile; fileRef = 544AD3AE1C70FF9D004FAD76 /* LessonCreator.swift */; };
		547473251CA0B415006784AF /* PatientLessonViewController.swift in Sources */ = {isa = PBXBuildFile; fileRef = 547473241CA0B415006784AF /* PatientLessonViewController.swift */; };
		549DCE2D1C7A73B800F269A1 /* SignUp2.swift in Sources */ = {isa = PBXBuildFile; fileRef = 549DCE2C1C7A73B800F269A1 /* SignUp2.swift */; };
		549DCF051C83744900F269A1 /* LogInViewController.swift in Sources */ = {isa = PBXBuildFile; fileRef = 549DCF041C83744900F269A1 /* LogInViewController.swift */; };
		549DCF541C934D8300F269A1 /* DatabaseModel.swift in Sources */ = {isa = PBXBuildFile; fileRef = 549DCF531C934D8300F269A1 /* DatabaseModel.swift */; };
		549DCF561C9350FC00F269A1 /* User2.swift in Sources */ = {isa = PBXBuildFile; fileRef = 549DCF551C9350FC00F269A1 /* User2.swift */; };
		54B0C2721C95F646004E8B85 /* Homepage.swift in Sources */ = {isa = PBXBuildFile; fileRef = 54B0C2711C95F646004E8B85 /* Homepage.swift */; };
		54B0C2761C9DC5DF004E8B85 /* DatabaseModel.swift in Sources */ = {isa = PBXBuildFile; fileRef = 549DCF531C934D8300F269A1 /* DatabaseModel.swift */; };
		54B0C2771C9DC5EB004E8B85 /* LogInViewController.swift in Sources */ = {isa = PBXBuildFile; fileRef = 549DCF041C83744900F269A1 /* LogInViewController.swift */; };
		54B0C2781C9DC609004E8B85 /* User2.swift in Sources */ = {isa = PBXBuildFile; fileRef = 549DCF551C9350FC00F269A1 /* User2.swift */; };
		54B0C28D1C9F4841004E8B85 /* TherapistTableViewController.swift in Sources */ = {isa = PBXBuildFile; fileRef = 54B0C28C1C9F4841004E8B85 /* TherapistTableViewController.swift */; };
		54BB87D11C4C3C1800DADA1E /* AppDelegate.swift in Sources */ = {isa = PBXBuildFile; fileRef = 54BB87D01C4C3C1800DADA1E /* AppDelegate.swift */; };
		54BB87D61C4C3C1800DADA1E /* Main.storyboard in Resources */ = {isa = PBXBuildFile; fileRef = 54BB87D41C4C3C1800DADA1E /* Main.storyboard */; };
		54BB87D81C4C3C1800DADA1E /* Assets.xcassets in Resources */ = {isa = PBXBuildFile; fileRef = 54BB87D71C4C3C1800DADA1E /* Assets.xcassets */; };
		54BB87E61C4C3C1800DADA1E /* BTT_2Tests.swift in Sources */ = {isa = PBXBuildFile; fileRef = 54BB87E51C4C3C1800DADA1E /* BTT_2Tests.swift */; };
		54BB87F11C4C3C1800DADA1E /* BTT_2UITests.swift in Sources */ = {isa = PBXBuildFile; fileRef = 54BB87F01C4C3C1800DADA1E /* BTT_2UITests.swift */; };
		54EB8A091CC1E2BE0005F3C1 /* StoreKit.framework in Frameworks */ = {isa = PBXBuildFile; fileRef = 54EB8A081CC1E2BE0005F3C1 /* StoreKit.framework */; };
		54EB8A0B1CC2ABFD0005F3C1 /* IAPHelper.swift in Sources */ = {isa = PBXBuildFile; fileRef = 54EB8A0A1CC2ABFD0005F3C1 /* IAPHelper.swift */; };
		54EB8A0D1CC2ACB30005F3C1 /* Products.swift in Sources */ = {isa = PBXBuildFile; fileRef = 54EB8A0C1CC2ACB30005F3C1 /* Products.swift */; };
		5A1CF0F01C502C0D00B9A827 /* Coming-Soon.png in Resources */ = {isa = PBXBuildFile; fileRef = 5A1CF0EF1C502C0D00B9A827 /* Coming-Soon.png */; };
		5A999ADC1C6022F100B772BD /* video in Resources */ = {isa = PBXBuildFile; fileRef = 5A999ADB1C6022F100B772BD /* video */; };
		5A999ADE1C60230700B772BD /* img in Resources */ = {isa = PBXBuildFile; fileRef = 5A999ADD1C60230700B772BD /* img */; };
		5AC33B011CC54D710011BF5F /* Assessment.swift in Sources */ = {isa = PBXBuildFile; fileRef = 5AC33B001CC54D710011BF5F /* Assessment.swift */; };
		5AC33B031CC54E780011BF5F /* AssessmentTableViewContoller.swift in Sources */ = {isa = PBXBuildFile; fileRef = 5AC33B021CC54E780011BF5F /* AssessmentTableViewContoller.swift */; };
		5AEC5AB71CBF177B00769042 /* button-2.png in Resources */ = {isa = PBXBuildFile; fileRef = 5AEC5AB21CBF177B00769042 /* button-2.png */; };
		5AEC5AB81CBF177B00769042 /* button-3.png in Resources */ = {isa = PBXBuildFile; fileRef = 5AEC5AB31CBF177B00769042 /* button-3.png */; };
		5AEC5AB91CBF177B00769042 /* button-4.png in Resources */ = {isa = PBXBuildFile; fileRef = 5AEC5AB41CBF177B00769042 /* button-4.png */; };
		5AEC5ABA1CBF177B00769042 /* button-5.png in Resources */ = {isa = PBXBuildFile; fileRef = 5AEC5AB51CBF177B00769042 /* button-5.png */; };
		5AEC5ABB1CBF177B00769042 /* button.png in Resources */ = {isa = PBXBuildFile; fileRef = 5AEC5AB61CBF177B00769042 /* button.png */; };
/* End PBXBuildFile section */

/* Begin PBXContainerItemProxy section */
		54BB87E21C4C3C1800DADA1E /* PBXContainerItemProxy */ = {
			isa = PBXContainerItemProxy;
			containerPortal = 54BB87C51C4C3C1800DADA1E /* Project object */;
			proxyType = 1;
			remoteGlobalIDString = 54BB87CC1C4C3C1800DADA1E;
			remoteInfo = "BTT-2";
		};
		54BB87ED1C4C3C1800DADA1E /* PBXContainerItemProxy */ = {
			isa = PBXContainerItemProxy;
			containerPortal = 54BB87C51C4C3C1800DADA1E /* Project object */;
			proxyType = 1;
			remoteGlobalIDString = 54BB87CC1C4C3C1800DADA1E;
			remoteInfo = "BTT-2";
		};
/* End PBXContainerItemProxy section */

/* Begin PBXFileReference section */
		246C8BA71C6BFFE900A899B5 /* LearnMoreTableViewContoller.swift */ = {isa = PBXFileReference; fileEncoding = 4; lastKnownFileType = sourcecode.swift; path = LearnMoreTableViewContoller.swift; sourceTree = "<group>"; };
		54306E111CB18C40008D9F8E /* LearnMoreInfo.swift */ = {isa = PBXFileReference; fileEncoding = 4; lastKnownFileType = sourcecode.swift; path = LearnMoreInfo.swift; sourceTree = "<group>"; };
		54306E131CB1B31A008D9F8E /* LearnMoreTableViewCell.swift */ = {isa = PBXFileReference; fileEncoding = 4; lastKnownFileType = sourcecode.swift; path = LearnMoreTableViewCell.swift; sourceTree = "<group>"; };
		544AD3A21C70F8FA004FAD76 /* LessonTableViewCell.swift */ = {isa = PBXFileReference; fileEncoding = 4; lastKnownFileType = sourcecode.swift; path = LessonTableViewCell.swift; sourceTree = "<group>"; };
		544AD3A41C70F90D004FAD76 /* PatientTableViewController.swift */ = {isa = PBXFileReference; fileEncoding = 4; lastKnownFileType = sourcecode.swift; path = PatientTableViewController.swift; sourceTree = "<group>"; };
		544AD3A61C70F926004FAD76 /* LessonViewController.swift */ = {isa = PBXFileReference; fileEncoding = 4; lastKnownFileType = sourcecode.swift; path = LessonViewController.swift; sourceTree = "<group>"; };
		544AD3AA1C70F970004FAD76 /* Exercise.swift */ = {isa = PBXFileReference; fileEncoding = 4; lastKnownFileType = sourcecode.swift; name = Exercise.swift; path = ../Exercise.swift; sourceTree = "<group>"; };
		544AD3AC1C70F9AF004FAD76 /* Week.swift */ = {isa = PBXFileReference; fileEncoding = 4; lastKnownFileType = sourcecode.swift; name = Week.swift; path = ../Week.swift; sourceTree = "<group>"; };
		544AD3AE1C70FF9D004FAD76 /* LessonCreator.swift */ = {isa = PBXFileReference; fileEncoding = 4; lastKnownFileType = sourcecode.swift; name = LessonCreator.swift; path = ../LessonCreator.swift; sourceTree = "<group>"; };
		547473241CA0B415006784AF /* PatientLessonViewController.swift */ = {isa = PBXFileReference; fileEncoding = 4; lastKnownFileType = sourcecode.swift; path = PatientLessonViewController.swift; sourceTree = "<group>"; };
		549DCE2C1C7A73B800F269A1 /* SignUp2.swift */ = {isa = PBXFileReference; fileEncoding = 4; lastKnownFileType = sourcecode.swift; name = SignUp2.swift; path = ../SignUp2.swift; sourceTree = "<group>"; };
		549DCF041C83744900F269A1 /* LogInViewController.swift */ = {isa = PBXFileReference; fileEncoding = 4; lastKnownFileType = sourcecode.swift; name = LogInViewController.swift; path = ../LogInViewController.swift; sourceTree = "<group>"; };
		549DCF531C934D8300F269A1 /* DatabaseModel.swift */ = {isa = PBXFileReference; fileEncoding = 4; lastKnownFileType = sourcecode.swift; name = DatabaseModel.swift; path = "BTT-2UITests/DatabaseModel.swift"; sourceTree = SOURCE_ROOT; };
		549DCF551C9350FC00F269A1 /* User2.swift */ = {isa = PBXFileReference; fileEncoding = 4; lastKnownFileType = sourcecode.swift; path = User2.swift; sourceTree = "<group>"; };
		54B0C2711C95F646004E8B85 /* Homepage.swift */ = {isa = PBXFileReference; fileEncoding = 4; lastKnownFileType = sourcecode.swift; path = Homepage.swift; sourceTree = "<group>"; };
		54B0C28C1C9F4841004E8B85 /* TherapistTableViewController.swift */ = {isa = PBXFileReference; fileEncoding = 4; lastKnownFileType = sourcecode.swift; path = TherapistTableViewController.swift; sourceTree = "<group>"; };
		54BB87CD1C4C3C1800DADA1E /* BTT-2.app */ = {isa = PBXFileReference; explicitFileType = wrapper.application; includeInIndex = 0; path = "BTT-2.app"; sourceTree = BUILT_PRODUCTS_DIR; };
		54BB87D01C4C3C1800DADA1E /* AppDelegate.swift */ = {isa = PBXFileReference; lastKnownFileType = sourcecode.swift; path = AppDelegate.swift; sourceTree = "<group>"; };
		54BB87D51C4C3C1800DADA1E /* Base */ = {isa = PBXFileReference; lastKnownFileType = file.storyboard; name = Base; path = Base.lproj/Main.storyboard; sourceTree = "<group>"; };
		54BB87D71C4C3C1800DADA1E /* Assets.xcassets */ = {isa = PBXFileReference; lastKnownFileType = folder.assetcatalog; path = Assets.xcassets; sourceTree = "<group>"; };
		54BB87DC1C4C3C1800DADA1E /* Info.plist */ = {isa = PBXFileReference; lastKnownFileType = text.plist.xml; path = Info.plist; sourceTree = "<group>"; };
		54BB87E11C4C3C1800DADA1E /* BTT-2Tests.xctest */ = {isa = PBXFileReference; explicitFileType = wrapper.cfbundle; includeInIndex = 0; path = "BTT-2Tests.xctest"; sourceTree = BUILT_PRODUCTS_DIR; };
		54BB87E51C4C3C1800DADA1E /* BTT_2Tests.swift */ = {isa = PBXFileReference; lastKnownFileType = sourcecode.swift; path = BTT_2Tests.swift; sourceTree = "<group>"; };
		54BB87E71C4C3C1800DADA1E /* Info.plist */ = {isa = PBXFileReference; lastKnownFileType = text.plist.xml; path = Info.plist; sourceTree = "<group>"; };
		54BB87EC1C4C3C1800DADA1E /* BTT-2UITests.xctest */ = {isa = PBXFileReference; explicitFileType = wrapper.cfbundle; includeInIndex = 0; path = "BTT-2UITests.xctest"; sourceTree = BUILT_PRODUCTS_DIR; };
		54BB87F01C4C3C1800DADA1E /* BTT_2UITests.swift */ = {isa = PBXFileReference; lastKnownFileType = sourcecode.swift; path = BTT_2UITests.swift; sourceTree = "<group>"; };
		54BB87F21C4C3C1800DADA1E /* Info.plist */ = {isa = PBXFileReference; lastKnownFileType = text.plist.xml; path = Info.plist; sourceTree = "<group>"; };
		54EB8A061CC1DFA80005F3C1 /* PassKit.framework */ = {isa = PBXFileReference; lastKnownFileType = wrapper.framework; name = PassKit.framework; path = System/Library/Frameworks/PassKit.framework; sourceTree = SDKROOT; };
		54EB8A081CC1E2BE0005F3C1 /* StoreKit.framework */ = {isa = PBXFileReference; lastKnownFileType = wrapper.framework; name = StoreKit.framework; path = System/Library/Frameworks/StoreKit.framework; sourceTree = SDKROOT; };
		54EB8A0A1CC2ABFD0005F3C1 /* IAPHelper.swift */ = {isa = PBXFileReference; fileEncoding = 4; lastKnownFileType = sourcecode.swift; path = IAPHelper.swift; sourceTree = "<group>"; };
		54EB8A0C1CC2ACB30005F3C1 /* Products.swift */ = {isa = PBXFileReference; fileEncoding = 4; lastKnownFileType = sourcecode.swift; path = Products.swift; sourceTree = "<group>"; };
		5A1CF0EF1C502C0D00B9A827 /* Coming-Soon.png */ = {isa = PBXFileReference; lastKnownFileType = image.png; path = "Coming-Soon.png"; sourceTree = "<group>"; };
		5A999ADB1C6022F100B772BD /* video */ = {isa = PBXFileReference; lastKnownFileType = folder; path = video; sourceTree = "<group>"; };
		5A999ADD1C60230700B772BD /* img */ = {isa = PBXFileReference; lastKnownFileType = folder; path = img; sourceTree = "<group>"; };
		5AC33B001CC54D710011BF5F /* Assessment.swift */ = {isa = PBXFileReference; fileEncoding = 4; lastKnownFileType = sourcecode.swift; path = Assessment.swift; sourceTree = "<group>"; };
		5AC33B021CC54E780011BF5F /* AssessmentTableViewContoller.swift */ = {isa = PBXFileReference; fileEncoding = 4; lastKnownFileType = sourcecode.swift; path = AssessmentTableViewContoller.swift; sourceTree = "<group>"; };
		5AEC5AB21CBF177B00769042 /* button-2.png */ = {isa = PBXFileReference; lastKnownFileType = image.png; name = "button-2.png"; path = "img/button-2.png"; sourceTree = "<group>"; };
		5AEC5AB31CBF177B00769042 /* button-3.png */ = {isa = PBXFileReference; lastKnownFileType = image.png; name = "button-3.png"; path = "img/button-3.png"; sourceTree = "<group>"; };
		5AEC5AB41CBF177B00769042 /* button-4.png */ = {isa = PBXFileReference; lastKnownFileType = image.png; name = "button-4.png"; path = "img/button-4.png"; sourceTree = "<group>"; };
		5AEC5AB51CBF177B00769042 /* button-5.png */ = {isa = PBXFileReference; lastKnownFileType = image.png; name = "button-5.png"; path = "img/button-5.png"; sourceTree = "<group>"; };
		5AEC5AB61CBF177B00769042 /* button.png */ = {isa = PBXFileReference; lastKnownFileType = image.png; name = button.png; path = img/button.png; sourceTree = "<group>"; };
/* End PBXFileReference section */

/* Begin PBXFrameworksBuildPhase section */
		54BB87CA1C4C3C1800DADA1E /* Frameworks */ = {
			isa = PBXFrameworksBuildPhase;
			buildActionMask = 2147483647;
			files = (
				54EB8A091CC1E2BE0005F3C1 /* StoreKit.framework in Frameworks */,
			);
			runOnlyForDeploymentPostprocessing = 0;
		};
		54BB87DE1C4C3C1800DADA1E /* Frameworks */ = {
			isa = PBXFrameworksBuildPhase;
			buildActionMask = 2147483647;
			files = (
			);
			runOnlyForDeploymentPostprocessing = 0;
		};
		54BB87E91C4C3C1800DADA1E /* Frameworks */ = {
			isa = PBXFrameworksBuildPhase;
			buildActionMask = 2147483647;
			files = (
			);
			runOnlyForDeploymentPostprocessing = 0;
		};
/* End PBXFrameworksBuildPhase section */

/* Begin PBXGroup section */
		549DCF031C836C4800F269A1 /* Lessons */ = {
			isa = PBXGroup;
			children = (
				544AD3AC1C70F9AF004FAD76 /* Week.swift */,
				544AD3AA1C70F970004FAD76 /* Exercise.swift */,
				544AD3AE1C70FF9D004FAD76 /* LessonCreator.swift */,
				544AD3A41C70F90D004FAD76 /* PatientTableViewController.swift */,
				54B0C28C1C9F4841004E8B85 /* TherapistTableViewController.swift */,
				544AD3A21C70F8FA004FAD76 /* LessonTableViewCell.swift */,
				544AD3A61C70F926004FAD76 /* LessonViewController.swift */,
				547473241CA0B415006784AF /* PatientLessonViewController.swift */,
			);
			name = Lessons;
			sourceTree = "<group>";
		};
		54BB87C41C4C3C1800DADA1E = {
			isa = PBXGroup;
			children = (
				54BB87CF1C4C3C1800DADA1E /* BTT-2 */,
				54BB87E41C4C3C1800DADA1E /* BTT-2Tests */,
				54BB87EF1C4C3C1800DADA1E /* BTT-2UITests */,
				54BB87CE1C4C3C1800DADA1E /* Products */,
				E8E1661C062F206CE5F26F6E /* Frameworks */,
			);
			sourceTree = "<group>";
		};
		54BB87CE1C4C3C1800DADA1E /* Products */ = {
			isa = PBXGroup;
			children = (
				54BB87CD1C4C3C1800DADA1E /* BTT-2.app */,
				54BB87E11C4C3C1800DADA1E /* BTT-2Tests.xctest */,
				54BB87EC1C4C3C1800DADA1E /* BTT-2UITests.xctest */,
			);
			name = Products;
			sourceTree = "<group>";
		};
		54BB87CF1C4C3C1800DADA1E /* BTT-2 */ = {
			isa = PBXGroup;
			children = (
				549DCF041C83744900F269A1 /* LogInViewController.swift */,
				549DCE2C1C7A73B800F269A1 /* SignUp2.swift */,
				54EB8A0A1CC2ABFD0005F3C1 /* IAPHelper.swift */,
				54EB8A0C1CC2ACB30005F3C1 /* Products.swift */,
				549DCF531C934D8300F269A1 /* DatabaseModel.swift */,
				549DCF551C9350FC00F269A1 /* User2.swift */,
				5A999ADB1C6022F100B772BD /* video */,
				5A999ADD1C60230700B772BD /* img */,
				5A1CF0EF1C502C0D00B9A827 /* Coming-Soon.png */,
				54BB87D01C4C3C1800DADA1E /* AppDelegate.swift */,
				54BB87D41C4C3C1800DADA1E /* Main.storyboard */,
				5AC33B001CC54D710011BF5F /* Assessment.swift */,
				5AC33B021CC54E780011BF5F /* AssessmentTableViewContoller.swift */,
				54306E131CB1B31A008D9F8E /* LearnMoreTableViewCell.swift */,
				246C8BA71C6BFFE900A899B5 /* LearnMoreTableViewContoller.swift */,
				54306E111CB18C40008D9F8E /* LearnMoreInfo.swift */,
				54B0C2711C95F646004E8B85 /* Homepage.swift */,
				549DCF031C836C4800F269A1 /* Lessons */,
				54BB87D71C4C3C1800DADA1E /* Assets.xcassets */,
				5AEC5AB21CBF177B00769042 /* button-2.png */,
				5AEC5AB31CBF177B00769042 /* button-3.png */,
				5AEC5AB41CBF177B00769042 /* button-4.png */,
				5AEC5AB51CBF177B00769042 /* button-5.png */,
				5AEC5AB61CBF177B00769042 /* button.png */,
				54BB87DC1C4C3C1800DADA1E /* Info.plist */,
			);
			path = "BTT-2";
			sourceTree = "<group>";
		};
		54BB87E41C4C3C1800DADA1E /* BTT-2Tests */ = {
			isa = PBXGroup;
			children = (
				54BB87E51C4C3C1800DADA1E /* BTT_2Tests.swift */,
				54BB87E71C4C3C1800DADA1E /* Info.plist */,
			);
			path = "BTT-2Tests";
			sourceTree = "<group>";
		};
		54BB87EF1C4C3C1800DADA1E /* BTT-2UITests */ = {
			isa = PBXGroup;
			children = (
				54BB87F01C4C3C1800DADA1E /* BTT_2UITests.swift */,
				54BB87F21C4C3C1800DADA1E /* Info.plist */,
			);
			path = "BTT-2UITests";
			sourceTree = "<group>";
		};
		E8E1661C062F206CE5F26F6E /* Frameworks */ = {
			isa = PBXGroup;
			children = (
				54EB8A081CC1E2BE0005F3C1 /* StoreKit.framework */,
				54EB8A061CC1DFA80005F3C1 /* PassKit.framework */,
			);
			name = Frameworks;
			sourceTree = "<group>";
		};
/* End PBXGroup section */

/* Begin PBXNativeTarget section */
		54BB87CC1C4C3C1800DADA1E /* BTT-2 */ = {
			isa = PBXNativeTarget;
			buildConfigurationList = 54BB87F51C4C3C1800DADA1E /* Build configuration list for PBXNativeTarget "BTT-2" */;
			buildPhases = (
				54BB87C91C4C3C1800DADA1E /* Sources */,
				54BB87CA1C4C3C1800DADA1E /* Frameworks */,
				54BB87CB1C4C3C1800DADA1E /* Resources */,
			);
			buildRules = (
			);
			dependencies = (
			);
			name = "BTT-2";
			productName = "BTT-2";
			productReference = 54BB87CD1C4C3C1800DADA1E /* BTT-2.app */;
			productType = "com.apple.product-type.application";
		};
		54BB87E01C4C3C1800DADA1E /* BTT-2Tests */ = {
			isa = PBXNativeTarget;
			buildConfigurationList = 54BB87F81C4C3C1800DADA1E /* Build configuration list for PBXNativeTarget "BTT-2Tests" */;
			buildPhases = (
				54BB87DD1C4C3C1800DADA1E /* Sources */,
				54BB87DE1C4C3C1800DADA1E /* Frameworks */,
				54BB87DF1C4C3C1800DADA1E /* Resources */,
			);
			buildRules = (
			);
			dependencies = (
				54BB87E31C4C3C1800DADA1E /* PBXTargetDependency */,
			);
			name = "BTT-2Tests";
			productName = "BTT-2Tests";
			productReference = 54BB87E11C4C3C1800DADA1E /* BTT-2Tests.xctest */;
			productType = "com.apple.product-type.bundle.unit-test";
		};
		54BB87EB1C4C3C1800DADA1E /* BTT-2UITests */ = {
			isa = PBXNativeTarget;
			buildConfigurationList = 54BB87FB1C4C3C1800DADA1E /* Build configuration list for PBXNativeTarget "BTT-2UITests" */;
			buildPhases = (
				54BB87E81C4C3C1800DADA1E /* Sources */,
				54BB87E91C4C3C1800DADA1E /* Frameworks */,
				54BB87EA1C4C3C1800DADA1E /* Resources */,
			);
			buildRules = (
			);
			dependencies = (
				54BB87EE1C4C3C1800DADA1E /* PBXTargetDependency */,
			);
			name = "BTT-2UITests";
			productName = "BTT-2UITests";
			productReference = 54BB87EC1C4C3C1800DADA1E /* BTT-2UITests.xctest */;
			productType = "com.apple.product-type.bundle.ui-testing";
		};
/* End PBXNativeTarget section */

/* Begin PBXProject section */
		54BB87C51C4C3C1800DADA1E /* Project object */ = {
			isa = PBXProject;
			attributes = {
				LastSwiftUpdateCheck = 0710;
				LastUpgradeCheck = 0710;
				ORGANIZATIONNAME = "Nicole Talley";
				TargetAttributes = {
					54BB87CC1C4C3C1800DADA1E = {
						CreatedOnToolsVersion = 7.1.1;
						DevelopmentTeam = BT7LUA49RR;
					};
					54BB87E01C4C3C1800DADA1E = {
						CreatedOnToolsVersion = 7.1.1;
						DevelopmentTeam = N6DE7AUEMZ;
						TestTargetID = 54BB87CC1C4C3C1800DADA1E;
					};
					54BB87EB1C4C3C1800DADA1E = {
						CreatedOnToolsVersion = 7.1.1;
						DevelopmentTeam = N6DE7AUEMZ;
						TestTargetID = 54BB87CC1C4C3C1800DADA1E;
					};
				};
			};
			buildConfigurationList = 54BB87C81C4C3C1800DADA1E /* Build configuration list for PBXProject "BTT-2" */;
			compatibilityVersion = "Xcode 6.3";
			developmentRegion = English;
			hasScannedForEncodings = 0;
			knownRegions = (
				en,
				Base,
			);
			mainGroup = 54BB87C41C4C3C1800DADA1E;
			productRefGroup = 54BB87CE1C4C3C1800DADA1E /* Products */;
			projectDirPath = "";
			projectRoot = "";
			targets = (
				54BB87CC1C4C3C1800DADA1E /* BTT-2 */,
				54BB87E01C4C3C1800DADA1E /* BTT-2Tests */,
				54BB87EB1C4C3C1800DADA1E /* BTT-2UITests */,
			);
		};
/* End PBXProject section */

/* Begin PBXResourcesBuildPhase section */
		54BB87CB1C4C3C1800DADA1E /* Resources */ = {
			isa = PBXResourcesBuildPhase;
			buildActionMask = 2147483647;
			files = (
				5AEC5AB91CBF177B00769042 /* button-4.png in Resources */,
				5AEC5ABB1CBF177B00769042 /* button.png in Resources */,
				5A999ADE1C60230700B772BD /* img in Resources */,
				5AEC5AB71CBF177B00769042 /* button-2.png in Resources */,
				5AEC5AB81CBF177B00769042 /* button-3.png in Resources */,
				5A999ADC1C6022F100B772BD /* video in Resources */,
				5A1CF0F01C502C0D00B9A827 /* Coming-Soon.png in Resources */,
				5AEC5ABA1CBF177B00769042 /* button-5.png in Resources */,
				54BB87D81C4C3C1800DADA1E /* Assets.xcassets in Resources */,
				54BB87D61C4C3C1800DADA1E /* Main.storyboard in Resources */,
			);
			runOnlyForDeploymentPostprocessing = 0;
		};
		54BB87DF1C4C3C1800DADA1E /* Resources */ = {
			isa = PBXResourcesBuildPhase;
			buildActionMask = 2147483647;
			files = (
			);
			runOnlyForDeploymentPostprocessing = 0;
		};
		54BB87EA1C4C3C1800DADA1E /* Resources */ = {
			isa = PBXResourcesBuildPhase;
			buildActionMask = 2147483647;
			files = (
			);
			runOnlyForDeploymentPostprocessing = 0;
		};
/* End PBXResourcesBuildPhase section */

/* Begin PBXSourcesBuildPhase section */
		54BB87C91C4C3C1800DADA1E /* Sources */ = {
			isa = PBXSourcesBuildPhase;
			buildActionMask = 2147483647;
			files = (
				54306E141CB1B31A008D9F8E /* LearnMoreTableViewCell.swift in Sources */,
				54BB87D11C4C3C1800DADA1E /* AppDelegate.swift in Sources */,
				544AD3AF1C70FF9D004FAD76 /* LessonCreator.swift in Sources */,
				54B0C2721C95F646004E8B85 /* Homepage.swift in Sources */,
				54EB8A0B1CC2ABFD0005F3C1 /* IAPHelper.swift in Sources */,
				549DCF051C83744900F269A1 /* LogInViewController.swift in Sources */,
				549DCF561C9350FC00F269A1 /* User2.swift in Sources */,
				549DCE2D1C7A73B800F269A1 /* SignUp2.swift in Sources */,
				246C8BA81C6BFFE900A899B5 /* LearnMoreTableViewContoller.swift in Sources */,
				5AC33B011CC54D710011BF5F /* Assessment.swift in Sources */,
				547473251CA0B415006784AF /* PatientLessonViewController.swift in Sources */,
				5AC33B031CC54E780011BF5F /* AssessmentTableViewContoller.swift in Sources */,
				544AD3AB1C70F970004FAD76 /* Exercise.swift in Sources */,
				544AD3A51C70F90D004FAD76 /* PatientTableViewController.swift in Sources */,
				544AD3A31C70F8FA004FAD76 /* LessonTableViewCell.swift in Sources */,
				544AD3A71C70F926004FAD76 /* LessonViewController.swift in Sources */,
				54B0C2761C9DC5DF004E8B85 /* DatabaseModel.swift in Sources */,
				54B0C28D1C9F4841004E8B85 /* TherapistTableViewController.swift in Sources */,
				544AD3AD1C70F9AF004FAD76 /* Week.swift in Sources */,
				54EB8A0D1CC2ACB30005F3C1 /* Products.swift in Sources */,
				54306E121CB18C40008D9F8E /* LearnMoreInfo.swift in Sources */,
			);
			runOnlyForDeploymentPostprocessing = 0;
		};
		54BB87DD1C4C3C1800DADA1E /* Sources */ = {
			isa = PBXSourcesBuildPhase;
			buildActionMask = 2147483647;
			files = (
				54B0C2781C9DC609004E8B85 /* User2.swift in Sources */,
				54BB87E61C4C3C1800DADA1E /* BTT_2Tests.swift in Sources */,
				54B0C2771C9DC5EB004E8B85 /* LogInViewController.swift in Sources */,
			);
			runOnlyForDeploymentPostprocessing = 0;
		};
		54BB87E81C4C3C1800DADA1E /* Sources */ = {
			isa = PBXSourcesBuildPhase;
			buildActionMask = 2147483647;
			files = (
				549DCF541C934D8300F269A1 /* DatabaseModel.swift in Sources */,
				54BB87F11C4C3C1800DADA1E /* BTT_2UITests.swift in Sources */,
			);
			runOnlyForDeploymentPostprocessing = 0;
		};
/* End PBXSourcesBuildPhase section */

/* Begin PBXTargetDependency section */
		54BB87E31C4C3C1800DADA1E /* PBXTargetDependency */ = {
			isa = PBXTargetDependency;
			target = 54BB87CC1C4C3C1800DADA1E /* BTT-2 */;
			targetProxy = 54BB87E21C4C3C1800DADA1E /* PBXContainerItemProxy */;
		};
		54BB87EE1C4C3C1800DADA1E /* PBXTargetDependency */ = {
			isa = PBXTargetDependency;
			target = 54BB87CC1C4C3C1800DADA1E /* BTT-2 */;
			targetProxy = 54BB87ED1C4C3C1800DADA1E /* PBXContainerItemProxy */;
		};
/* End PBXTargetDependency section */

/* Begin PBXVariantGroup section */
		54BB87D41C4C3C1800DADA1E /* Main.storyboard */ = {
			isa = PBXVariantGroup;
			children = (
				54BB87D51C4C3C1800DADA1E /* Base */,
			);
			name = Main.storyboard;
			sourceTree = "<group>";
		};
/* End PBXVariantGroup section */

/* Begin XCBuildConfiguration section */
		54BB87F31C4C3C1800DADA1E /* Debug */ = {
			isa = XCBuildConfiguration;
			buildSettings = {
				ALWAYS_SEARCH_USER_PATHS = NO;
				CLANG_CXX_LANGUAGE_STANDARD = "gnu++0x";
				CLANG_CXX_LIBRARY = "libc++";
				CLANG_ENABLE_MODULES = YES;
				CLANG_ENABLE_OBJC_ARC = YES;
				CLANG_WARN_BOOL_CONVERSION = YES;
				CLANG_WARN_CONSTANT_CONVERSION = YES;
				CLANG_WARN_DIRECT_OBJC_ISA_USAGE = YES_ERROR;
				CLANG_WARN_EMPTY_BODY = YES;
				CLANG_WARN_ENUM_CONVERSION = YES;
				CLANG_WARN_INT_CONVERSION = YES;
				CLANG_WARN_OBJC_ROOT_CLASS = YES_ERROR;
				CLANG_WARN_UNREACHABLE_CODE = YES;
				CLANG_WARN__DUPLICATE_METHOD_MATCH = YES;
				"CODE_SIGN_IDENTITY[sdk=iphoneos*]" = "iPhone Developer";
				COPY_PHASE_STRIP = NO;
				DEBUG_INFORMATION_FORMAT = dwarf;
				ENABLE_STRICT_OBJC_MSGSEND = YES;
				ENABLE_TESTABILITY = YES;
				GCC_C_LANGUAGE_STANDARD = gnu99;
				GCC_DYNAMIC_NO_PIC = NO;
				GCC_NO_COMMON_BLOCKS = YES;
				GCC_OPTIMIZATION_LEVEL = 0;
				GCC_PREPROCESSOR_DEFINITIONS = (
					"DEBUG=1",
					"$(inherited)",
				);
				GCC_WARN_64_TO_32_BIT_CONVERSION = YES;
				GCC_WARN_ABOUT_RETURN_TYPE = YES_ERROR;
				GCC_WARN_UNDECLARED_SELECTOR = YES;
				GCC_WARN_UNINITIALIZED_AUTOS = YES_AGGRESSIVE;
				GCC_WARN_UNUSED_FUNCTION = YES;
				GCC_WARN_UNUSED_VARIABLE = YES;
				IPHONEOS_DEPLOYMENT_TARGET = 9.1;
				MTL_ENABLE_DEBUG_INFO = YES;
				ONLY_ACTIVE_ARCH = YES;
				SDKROOT = iphoneos;
				SWIFT_OPTIMIZATION_LEVEL = "-Onone";
				TARGETED_DEVICE_FAMILY = "1,2";
			};
			name = Debug;
		};
		54BB87F41C4C3C1800DADA1E /* Release */ = {
			isa = XCBuildConfiguration;
			buildSettings = {
				ALWAYS_SEARCH_USER_PATHS = NO;
				CLANG_CXX_LANGUAGE_STANDARD = "gnu++0x";
				CLANG_CXX_LIBRARY = "libc++";
				CLANG_ENABLE_MODULES = YES;
				CLANG_ENABLE_OBJC_ARC = YES;
				CLANG_WARN_BOOL_CONVERSION = YES;
				CLANG_WARN_CONSTANT_CONVERSION = YES;
				CLANG_WARN_DIRECT_OBJC_ISA_USAGE = YES_ERROR;
				CLANG_WARN_EMPTY_BODY = YES;
				CLANG_WARN_ENUM_CONVERSION = YES;
				CLANG_WARN_INT_CONVERSION = YES;
				CLANG_WARN_OBJC_ROOT_CLASS = YES_ERROR;
				CLANG_WARN_UNREACHABLE_CODE = YES;
				CLANG_WARN__DUPLICATE_METHOD_MATCH = YES;
				"CODE_SIGN_IDENTITY[sdk=iphoneos*]" = "iPhone Developer";
				COPY_PHASE_STRIP = NO;
				DEBUG_INFORMATION_FORMAT = "dwarf-with-dsym";
				ENABLE_NS_ASSERTIONS = NO;
				ENABLE_STRICT_OBJC_MSGSEND = YES;
				GCC_C_LANGUAGE_STANDARD = gnu99;
				GCC_NO_COMMON_BLOCKS = YES;
				GCC_WARN_64_TO_32_BIT_CONVERSION = YES;
				GCC_WARN_ABOUT_RETURN_TYPE = YES_ERROR;
				GCC_WARN_UNDECLARED_SELECTOR = YES;
				GCC_WARN_UNINITIALIZED_AUTOS = YES_AGGRESSIVE;
				GCC_WARN_UNUSED_FUNCTION = YES;
				GCC_WARN_UNUSED_VARIABLE = YES;
				IPHONEOS_DEPLOYMENT_TARGET = 9.1;
				MTL_ENABLE_DEBUG_INFO = NO;
				SDKROOT = iphoneos;
				TARGETED_DEVICE_FAMILY = "1,2";
				VALIDATE_PRODUCT = YES;
			};
			name = Release;
		};
		54BB87F61C4C3C1800DADA1E /* Debug */ = {
			isa = XCBuildConfiguration;
			buildSettings = {
				ASSETCATALOG_COMPILER_APPICON_NAME = AppIcon;
				CODE_SIGN_IDENTITY = "iPhone Developer";
				"CODE_SIGN_IDENTITY[sdk=iphoneos*]" = "iPhone Developer";
				INFOPLIST_FILE = "BTT-2/Info.plist";
				LD_RUNPATH_SEARCH_PATHS = "$(inherited) @executable_path/Frameworks";
				PRODUCT_BUNDLE_IDENTIFIER = "Bust-The-Thrust.BTT-2";
				PRODUCT_NAME = "$(TARGET_NAME)";
				PROVISIONING_PROFILE = "";
				TARGETED_DEVICE_FAMILY = "1,2";
			};
			name = Debug;
		};
		54BB87F71C4C3C1800DADA1E /* Release */ = {
			isa = XCBuildConfiguration;
			buildSettings = {
				ASSETCATALOG_COMPILER_APPICON_NAME = AppIcon;
				CODE_SIGN_IDENTITY = "iPhone Developer";
				"CODE_SIGN_IDENTITY[sdk=iphoneos*]" = "iPhone Developer";
				INFOPLIST_FILE = "BTT-2/Info.plist";
				LD_RUNPATH_SEARCH_PATHS = "$(inherited) @executable_path/Frameworks";
				PRODUCT_BUNDLE_IDENTIFIER = "Bust-The-Thrust.BTT-2";
				PRODUCT_NAME = "$(TARGET_NAME)";
				PROVISIONING_PROFILE = "";
				TARGETED_DEVICE_FAMILY = "1,2";
			};
			name = Release;
		};
		54BB87F91C4C3C1800DADA1E /* Debug */ = {
			isa = XCBuildConfiguration;
			buildSettings = {
				BUNDLE_LOADER = "$(TEST_HOST)";
				INFOPLIST_FILE = "BTT-2Tests/Info.plist";
				LD_RUNPATH_SEARCH_PATHS = "$(inherited) @executable_path/Frameworks @loader_path/Frameworks";
				PRODUCT_BUNDLE_IDENTIFIER = "Bust-The-Thrust.BTT-2Tests";
				PRODUCT_NAME = "$(TARGET_NAME)";
				TEST_HOST = "$(BUILT_PRODUCTS_DIR)/BTT-2.app/BTT-2";
			};
			name = Debug;
		};
		54BB87FA1C4C3C1800DADA1E /* Release */ = {
			isa = XCBuildConfiguration;
			buildSettings = {
				BUNDLE_LOADER = "$(TEST_HOST)";
				INFOPLIST_FILE = "BTT-2Tests/Info.plist";
				LD_RUNPATH_SEARCH_PATHS = "$(inherited) @executable_path/Frameworks @loader_path/Frameworks";
				PRODUCT_BUNDLE_IDENTIFIER = "Bust-The-Thrust.BTT-2Tests";
				PRODUCT_NAME = "$(TARGET_NAME)";
				TEST_HOST = "$(BUILT_PRODUCTS_DIR)/BTT-2.app/BTT-2";
			};
			name = Release;
		};
		54BB87FC1C4C3C1800DADA1E /* Debug */ = {
			isa = XCBuildConfiguration;
			buildSettings = {
				INFOPLIST_FILE = "BTT-2UITests/Info.plist";
				LD_RUNPATH_SEARCH_PATHS = "$(inherited) @executable_path/Frameworks @loader_path/Frameworks";
				PRODUCT_BUNDLE_IDENTIFIER = "Bust-The-Thrust.BTT-2UITests";
				PRODUCT_NAME = "$(TARGET_NAME)";
				TEST_TARGET_NAME = "BTT-2";
				USES_XCTRUNNER = YES;
			};
			name = Debug;
		};
		54BB87FD1C4C3C1800DADA1E /* Release */ = {
			isa = XCBuildConfiguration;
			buildSettings = {
				INFOPLIST_FILE = "BTT-2UITests/Info.plist";
				LD_RUNPATH_SEARCH_PATHS = "$(inherited) @executable_path/Frameworks @loader_path/Frameworks";
				PRODUCT_BUNDLE_IDENTIFIER = "Bust-The-Thrust.BTT-2UITests";
				PRODUCT_NAME = "$(TARGET_NAME)";
				TEST_TARGET_NAME = "BTT-2";
				USES_XCTRUNNER = YES;
			};
			name = Release;
		};
/* End XCBuildConfiguration section */

/* Begin XCConfigurationList section */
		54BB87C81C4C3C1800DADA1E /* Build configuration list for PBXProject "BTT-2" */ = {
			isa = XCConfigurationList;
			buildConfigurations = (
				54BB87F31C4C3C1800DADA1E /* Debug */,
				54BB87F41C4C3C1800DADA1E /* Release */,
			);
			defaultConfigurationIsVisible = 0;
			defaultConfigurationName = Release;
		};
		54BB87F51C4C3C1800DADA1E /* Build configuration list for PBXNativeTarget "BTT-2" */ = {
			isa = XCConfigurationList;
			buildConfigurations = (
				54BB87F61C4C3C1800DADA1E /* Debug */,
				54BB87F71C4C3C1800DADA1E /* Release */,
			);
			defaultConfigurationIsVisible = 0;
			defaultConfigurationName = Release;
		};
		54BB87F81C4C3C1800DADA1E /* Build configuration list for PBXNativeTarget "BTT-2Tests" */ = {
			isa = XCConfigurationList;
			buildConfigurations = (
				54BB87F91C4C3C1800DADA1E /* Debug */,
				54BB87FA1C4C3C1800DADA1E /* Release */,
			);
			defaultConfigurationIsVisible = 0;
			defaultConfigurationName = Release;
		};
		54BB87FB1C4C3C1800DADA1E /* Build configuration list for PBXNativeTarget "BTT-2UITests" */ = {
			isa = XCConfigurationList;
			buildConfigurations = (
				54BB87FC1C4C3C1800DADA1E /* Debug */,
				54BB87FD1C4C3C1800DADA1E /* Release */,
			);
			defaultConfigurationIsVisible = 0;
			defaultConfigurationName = Release;
		};
/* End XCConfigurationList section */
	};
	rootObject = 54BB87C51C4C3C1800DADA1E /* Project object */;
}
